// !$*UTF8*$!
{
	archiveVersion = 1;
	classes = {
	};
	objectVersion = 55;
	objects = {

/* Begin PBXBuildFile section */
		3A5E796E2844D28A0068BCF4 /* CoreDataWithSwiftUIApp.swift in Sources */ = {isa = PBXBuildFile; fileRef = 3A5E796D2844D28A0068BCF4 /* CoreDataWithSwiftUIApp.swift */; };
		3A5E79702844D28A0068BCF4 /* ContentView.swift in Sources */ = {isa = PBXBuildFile; fileRef = 3A5E796F2844D28A0068BCF4 /* ContentView.swift */; };
		3A5E79722844D28A0068BCF4 /* Assets.xcassets in Resources */ = {isa = PBXBuildFile; fileRef = 3A5E79712844D28A0068BCF4 /* Assets.xcassets */; };
		3A5E79752844D28A0068BCF4 /* Preview Assets.xcassets in Resources */ = {isa = PBXBuildFile; fileRef = 3A5E79742844D28A0068BCF4 /* Preview Assets.xcassets */; };
		3A5E79772844D28A0068BCF4 /* Persistence.swift in Sources */ = {isa = PBXBuildFile; fileRef = 3A5E79762844D28A0068BCF4 /* Persistence.swift */; };
		3A5E797A2844D28A0068BCF4 /* CoreDataWithSwiftUI.xcdatamodeld in Sources */ = {isa = PBXBuildFile; fileRef = 3A5E79782844D28A0068BCF4 /* CoreDataWithSwiftUI.xcdatamodeld */; };
		3A5E79822844D2CF0068BCF4 /* Main.xcdatamodeld in Sources */ = {isa = PBXBuildFile; fileRef = 3A5E79802844D2CF0068BCF4 /* Main.xcdatamodeld */; };
		3A5E79842844D3840068BCF4 /* PersistenceController.swift in Sources */ = {isa = PBXBuildFile; fileRef = 3A5E79832844D3840068BCF4 /* PersistenceController.swift */; };
/* End PBXBuildFile section */

/* Begin PBXFileReference section */
		3A5E796A2844D28A0068BCF4 /* CoreDataWithSwiftUI.app */ = {isa = PBXFileReference; explicitFileType = wrapper.application; includeInIndex = 0; path = CoreDataWithSwiftUI.app; sourceTree = BUILT_PRODUCTS_DIR; };
		3A5E796D2844D28A0068BCF4 /* CoreDataWithSwiftUIApp.swift */ = {isa = PBXFileReference; lastKnownFileType = sourcecode.swift; path = CoreDataWithSwiftUIApp.swift; sourceTree = "<group>"; };
		3A5E796F2844D28A0068BCF4 /* ContentView.swift */ = {isa = PBXFileReference; lastKnownFileType = sourcecode.swift; path = ContentView.swift; sourceTree = "<group>"; };
		3A5E79712844D28A0068BCF4 /* Assets.xcassets */ = {isa = PBXFileReference; lastKnownFileType = folder.assetcatalog; path = Assets.xcassets; sourceTree = "<group>"; };
		3A5E79742844D28A0068BCF4 /* Preview Assets.xcassets */ = {isa = PBXFileReference; lastKnownFileType = folder.assetcatalog; path = "Preview Assets.xcassets"; sourceTree = "<group>"; };
		3A5E79762844D28A0068BCF4 /* Persistence.swift */ = {isa = PBXFileReference; lastKnownFileType = sourcecode.swift; path = Persistence.swift; sourceTree = "<group>"; };
		3A5E79792844D28A0068BCF4 /* CoreDataWithSwiftUI.xcdatamodel */ = {isa = PBXFileReference; lastKnownFileType = wrapper.xcdatamodel; path = CoreDataWithSwiftUI.xcdatamodel; sourceTree = "<group>"; };
		3A5E79812844D2CF0068BCF4 /* Main.xcdatamodel */ = {isa = PBXFileReference; lastKnownFileType = wrapper.xcdatamodel; path = Main.xcdatamodel; sourceTree = "<group>"; };
		3A5E79832844D3840068BCF4 /* PersistenceController.swift */ = {isa = PBXFileReference; lastKnownFileType = sourcecode.swift; path = PersistenceController.swift; sourceTree = "<group>"; };
/* End PBXFileReference section */

/* Begin PBXFrameworksBuildPhase section */
		3A5E79672844D28A0068BCF4 /* Frameworks */ = {
			isa = PBXFrameworksBuildPhase;
			buildActionMask = 2147483647;
			files = (
			);
			runOnlyForDeploymentPostprocessing = 0;
		};
/* End PBXFrameworksBuildPhase section */

/* Begin PBXGroup section */
		3A5E79612844D28A0068BCF4 = {
			isa = PBXGroup;
			children = (
				3A5E796C2844D28A0068BCF4 /* CoreDataWithSwiftUI */,
				3A5E796B2844D28A0068BCF4 /* Products */,
			);
			sourceTree = "<group>";
		};
		3A5E796B2844D28A0068BCF4 /* Products */ = {
			isa = PBXGroup;
			children = (
				3A5E796A2844D28A0068BCF4 /* CoreDataWithSwiftUI.app */,
			);
			name = Products;
			sourceTree = "<group>";
		};
		3A5E796C2844D28A0068BCF4 /* CoreDataWithSwiftUI */ = {
			isa = PBXGroup;
			children = (
				3A5E796D2844D28A0068BCF4 /* CoreDataWithSwiftUIApp.swift */,
				3A5E796F2844D28A0068BCF4 /* ContentView.swift */,
				3A5E79712844D28A0068BCF4 /* Assets.xcassets */,
				3A5E79762844D28A0068BCF4 /* Persistence.swift */,
				3A5E79832844D3840068BCF4 /* PersistenceController.swift */,
				3A5E79782844D28A0068BCF4 /* CoreDataWithSwiftUI.xcdatamodeld */,
				3A5E79802844D2CF0068BCF4 /* Main.xcdatamodeld */,
				3A5E79732844D28A0068BCF4 /* Preview Content */,
			);
			path = CoreDataWithSwiftUI;
			sourceTree = "<group>";
		};
		3A5E79732844D28A0068BCF4 /* Preview Content */ = {
			isa = PBXGroup;
			children = (
				3A5E79742844D28A0068BCF4 /* Preview Assets.xcassets */,
			);
			path = "Preview Content";
			sourceTree = "<group>";
		};
/* End PBXGroup section */

/* Begin PBXNativeTarget section */
		3A5E79692844D28A0068BCF4 /* CoreDataWithSwiftUI */ = {
			isa = PBXNativeTarget;
			buildConfigurationList = 3A5E797D2844D28A0068BCF4 /* Build configuration list for PBXNativeTarget "CoreDataWithSwiftUI" */;
			buildPhases = (
				3A5E79662844D28A0068BCF4 /* Sources */,
				3A5E79672844D28A0068BCF4 /* Frameworks */,
				3A5E79682844D28A0068BCF4 /* Resources */,
			);
			buildRules = (
			);
			dependencies = (
			);
			name = CoreDataWithSwiftUI;
			productName = CoreDataWithSwiftUI;
			productReference = 3A5E796A2844D28A0068BCF4 /* CoreDataWithSwiftUI.app */;
			productType = "com.apple.product-type.application";
		};
/* End PBXNativeTarget section */

/* Begin PBXProject section */
		3A5E79622844D28A0068BCF4 /* Project object */ = {
			isa = PBXProject;
			attributes = {
				BuildIndependentTargetsInParallel = 1;
				LastSwiftUpdateCheck = 1340;
				LastUpgradeCheck = 1340;
				TargetAttributes = {
					3A5E79692844D28A0068BCF4 = {
						CreatedOnToolsVersion = 13.4;
					};
				};
			};
			buildConfigurationList = 3A5E79652844D28A0068BCF4 /* Build configuration list for PBXProject "CoreDataWithSwiftUI" */;
			compatibilityVersion = "Xcode 13.0";
			developmentRegion = en;
			hasScannedForEncodings = 0;
			knownRegions = (
				en,
				Base,
			);
			mainGroup = 3A5E79612844D28A0068BCF4;
			productRefGroup = 3A5E796B2844D28A0068BCF4 /* Products */;
			projectDirPath = "";
			projectRoot = "";
			targets = (
				3A5E79692844D28A0068BCF4 /* CoreDataWithSwiftUI */,
			);
		};
/* End PBXProject section */

/* Begin PBXResourcesBuildPhase section */
		3A5E79682844D28A0068BCF4 /* Resources */ = {
			isa = PBXResourcesBuildPhase;
			buildActionMask = 2147483647;
			files = (
				3A5E79752844D28A0068BCF4 /* Preview Assets.xcassets in Resources */,
				3A5E79722844D28A0068BCF4 /* Assets.xcassets in Resources */,
			);
			runOnlyForDeploymentPostprocessing = 0;
		};
/* End PBXResourcesBuildPhase section */

/* Begin PBXSourcesBuildPhase section */
		3A5E79662844D28A0068BCF4 /* Sources */ = {
			isa = PBXSourcesBuildPhase;
			buildActionMask = 2147483647;
			files = (
				3A5E797A2844D28A0068BCF4 /* CoreDataWithSwiftUI.xcdatamodeld in Sources */,
				3A5E79772844D28A0068BCF4 /* Persistence.swift in Sources */,
				3A5E79702844D28A0068BCF4 /* ContentView.swift in Sources */,
				3A5E79842844D3840068BCF4 /* PersistenceController.swift in Sources */,
				3A5E796E2844D28A0068BCF4 /* CoreDataWithSwiftUIApp.swift in Sources */,
				3A5E79822844D2CF0068BCF4 /* Main.xcdatamodeld in Sources */,
			);
			runOnlyForDeploymentPostprocessing = 0;
		};
/* End PBXSourcesBuildPhase section */

/* Begin XCBuildConfiguration section */
		3A5E797B2844D28A0068BCF4 /* Debug */ = {
			isa = XCBuildConfiguration;
			buildSettings = {
				ALWAYS_SEARCH_USER_PATHS = NO;
				CLANG_ANALYZER_NONNULL = YES;
				CLANG_ANALYZER_NUMBER_OBJECT_CONVERSION = YES_AGGRESSIVE;
				CLANG_CXX_LANGUAGE_STANDARD = "gnu++17";
				CLANG_ENABLE_MODULES = YES;
				CLANG_ENABLE_OBJC_ARC = YES;
				CLANG_ENABLE_OBJC_WEAK = YES;
				CLANG_WARN_BLOCK_CAPTURE_AUTORELEASING = YES;
				CLANG_WARN_BOOL_CONVERSION = YES;
				CLANG_WARN_COMMA = YES;
				CLANG_WARN_CONSTANT_CONVERSION = YES;
				CLANG_WARN_DEPRECATED_OBJC_IMPLEMENTATIONS = YES;
				CLANG_WARN_DIRECT_OBJC_ISA_USAGE = YES_ERROR;
				CLANG_WARN_DOCUMENTATION_COMMENTS = YES;
				CLANG_WARN_EMPTY_BODY = YES;
				CLANG_WARN_ENUM_CONVERSION = YES;
				CLANG_WARN_INFINITE_RECURSION = YES;
				CLANG_WARN_INT_CONVERSION = YES;
				CLANG_WARN_NON_LITERAL_NULL_CONVERSION = YES;
				CLANG_WARN_OBJC_IMPLICIT_RETAIN_SELF = YES;
				CLANG_WARN_OBJC_LITERAL_CONVERSION = YES;
				CLANG_WARN_OBJC_ROOT_CLASS = YES_ERROR;
				CLANG_WARN_QUOTED_INCLUDE_IN_FRAMEWORK_HEADER = YES;
				CLANG_WARN_RANGE_LOOP_ANALYSIS = YES;
				CLANG_WARN_STRICT_PROTOTYPES = YES;
				CLANG_WARN_SUSPICIOUS_MOVE = YES;
				CLANG_WARN_UNGUARDED_AVAILABILITY = YES_AGGRESSIVE;
				CLANG_WARN_UNREACHABLE_CODE = YES;
				CLANG_WARN__DUPLICATE_METHOD_MATCH = YES;
				COPY_PHASE_STRIP = NO;
				DEBUG_INFORMATION_FORMAT = dwarf;
				ENABLE_STRICT_OBJC_MSGSEND = YES;
				ENABLE_TESTABILITY = YES;
				GCC_C_LANGUAGE_STANDARD = gnu11;
				GCC_DYNAMIC_NO_PIC = NO;
				GCC_NO_COMMON_BLOCKS = YES;
				GCC_OPTIMIZATION_LEVEL = 0;
				GCC_PREPROCESSOR_DEFINITIONS = (
					"DEBUG=1",
					"$(inherited)",
				);
				GCC_WARN_64_TO_32_BIT_CONVERSION = YES;
				GCC_WARN_ABOUT_RETURN_TYPE = YES_ERROR;
				GCC_WARN_UNDECLARED_SELECTOR = YES;
				GCC_WARN_UNINITIALIZED_AUTOS = YES_AGGRESSIVE;
				GCC_WARN_UNUSED_FUNCTION = YES;
				GCC_WARN_UNUSED_VARIABLE = YES;
				IPHONEOS_DEPLOYMENT_TARGET = 15.5;
				MTL_ENABLE_DEBUG_INFO = INCLUDE_SOURCE;
				MTL_FAST_MATH = YES;
				ONLY_ACTIVE_ARCH = YES;
				SDKROOT = iphoneos;
				SWIFT_ACTIVE_COMPILATION_CONDITIONS = DEBUG;
				SWIFT_OPTIMIZATION_LEVEL = "-Onone";
			};
			name = Debug;
		};
		3A5E797C2844D28A0068BCF4 /* Release */ = {
			isa = XCBuildConfiguration;
			buildSettings = {
				ALWAYS_SEARCH_USER_PATHS = NO;
				CLANG_ANALYZER_NONNULL = YES;
				CLANG_ANALYZER_NUMBER_OBJECT_CONVERSION = YES_AGGRESSIVE;
				CLANG_CXX_LANGUAGE_STANDARD = "gnu++17";
				CLANG_ENABLE_MODULES = YES;
				CLANG_ENABLE_OBJC_ARC = YES;
				CLANG_ENABLE_OBJC_WEAK = YES;
				CLANG_WARN_BLOCK_CAPTURE_AUTORELEASING = YES;
				CLANG_WARN_BOOL_CONVERSION = YES;
				CLANG_WARN_COMMA = YES;
				CLANG_WARN_CONSTANT_CONVERSION = YES;
				CLANG_WARN_DEPRECATED_OBJC_IMPLEMENTATIONS = YES;
				CLANG_WARN_DIRECT_OBJC_ISA_USAGE = YES_ERROR;
				CLANG_WARN_DOCUMENTATION_COMMENTS = YES;
				CLANG_WARN_EMPTY_BODY = YES;
				CLANG_WARN_ENUM_CONVERSION = YES;
				CLANG_WARN_INFINITE_RECURSION = YES;
				CLANG_WARN_INT_CONVERSION = YES;
				CLANG_WARN_NON_LITERAL_NULL_CONVERSION = YES;
				CLANG_WARN_OBJC_IMPLICIT_RETAIN_SELF = YES;
				CLANG_WARN_OBJC_LITERAL_CONVERSION = YES;
				CLANG_WARN_OBJC_ROOT_CLASS = YES_ERROR;
				CLANG_WARN_QUOTED_INCLUDE_IN_FRAMEWORK_HEADER = YES;
				CLANG_WARN_RANGE_LOOP_ANALYSIS = YES;
				CLANG_WARN_STRICT_PROTOTYPES = YES;
				CLANG_WARN_SUSPICIOUS_MOVE = YES;
				CLANG_WARN_UNGUARDED_AVAILABILITY = YES_AGGRESSIVE;
				CLANG_WARN_UNREACHABLE_CODE = YES;
				CLANG_WARN__DUPLICATE_METHOD_MATCH = YES;
				COPY_PHASE_STRIP = NO;
				DEBUG_INFORMATION_FORMAT = "dwarf-with-dsym";
				ENABLE_NS_ASSERTIONS = NO;
				ENABLE_STRICT_OBJC_MSGSEND = YES;
				GCC_C_LANGUAGE_STANDARD = gnu11;
				GCC_NO_COMMON_BLOCKS = YES;
				GCC_WARN_64_TO_32_BIT_CONVERSION = YES;
				GCC_WARN_ABOUT_RETURN_TYPE = YES_ERROR;
				GCC_WARN_UNDECLARED_SELECTOR = YES;
				GCC_WARN_UNINITIALIZED_AUTOS = YES_AGGRESSIVE;
				GCC_WARN_UNUSED_FUNCTION = YES;
				GCC_WARN_UNUSED_VARIABLE = YES;
				IPHONEOS_DEPLOYMENT_TARGET = 15.5;
				MTL_ENABLE_DEBUG_INFO = NO;
				MTL_FAST_MATH = YES;
				SDKROOT = iphoneos;
				SWIFT_COMPILATION_MODE = wholemodule;
				SWIFT_OPTIMIZATION_LEVEL = "-O";
				VALIDATE_PRODUCT = YES;
			};
			name = Release;
		};
		3A5E797E2844D28A0068BCF4 /* Debug */ = {
			isa = XCBuildConfiguration;
			buildSettings = {
				ASSETCATALOG_COMPILER_APPICON_NAME = AppIcon;
				ASSETCATALOG_COMPILER_GLOBAL_ACCENT_COLOR_NAME = AccentColor;
				CODE_SIGN_STYLE = Automatic;
				CURRENT_PROJECT_VERSION = 1;
				DEVELOPMENT_ASSET_PATHS = "\"CoreDataWithSwiftUI/Preview Content\"";
				DEVELOPMENT_TEAM = 8GR4L8J4R6;
				ENABLE_PREVIEWS = YES;
				GENERATE_INFOPLIST_FILE = YES;
				INFOPLIST_KEY_UIApplicationSceneManifest_Generation = YES;
				INFOPLIST_KEY_UIApplicationSupportsIndirectInputEvents = YES;
				INFOPLIST_KEY_UILaunchScreen_Generation = YES;
				INFOPLIST_KEY_UISupportedInterfaceOrientations_iPad = "UIInterfaceOrientationPortrait UIInterfaceOrientationPortraitUpsideDown UIInterfaceOrientationLandscapeLeft UIInterfaceOrientationLandscapeRight";
				INFOPLIST_KEY_UISupportedInterfaceOrientations_iPhone = "UIInterfaceOrientationPortrait UIInterfaceOrientationLandscapeLeft UIInterfaceOrientationLandscapeRight";
				LD_RUNPATH_SEARCH_PATHS = (
					"$(inherited)",
					"@executable_path/Frameworks",
				);
				MARKETING_VERSION = 1.0;
				PRODUCT_BUNDLE_IDENTIFIER = com.alexfilippov.CoreDataWithSwiftUI;
				PRODUCT_NAME = "$(TARGET_NAME)";
				SWIFT_EMIT_LOC_STRINGS = YES;
				SWIFT_VERSION = 5.0;
				TARGETED_DEVICE_FAMILY = "1,2";
			};
			name = Debug;
		};
		3A5E797F2844D28A0068BCF4 /* Release */ = {
			isa = XCBuildConfiguration;
			buildSettings = {
				ASSETCATALOG_COMPILER_APPICON_NAME = AppIcon;
				ASSETCATALOG_COMPILER_GLOBAL_ACCENT_COLOR_NAME = AccentColor;
				CODE_SIGN_STYLE = Automatic;
				CURRENT_PROJECT_VERSION = 1;
				DEVELOPMENT_ASSET_PATHS = "\"CoreDataWithSwiftUI/Preview Content\"";
				DEVELOPMENT_TEAM = 8GR4L8J4R6;
				ENABLE_PREVIEWS = YES;
				GENERATE_INFOPLIST_FILE = YES;
				INFOPLIST_KEY_UIApplicationSceneManifest_Generation = YES;
				INFOPLIST_KEY_UIApplicationSupportsIndirectInputEvents = YES;
				INFOPLIST_KEY_UILaunchScreen_Generation = YES;
				INFOPLIST_KEY_UISupportedInterfaceOrientations_iPad = "UIInterfaceOrientationPortrait UIInterfaceOrientationPortraitUpsideDown UIInterfaceOrientationLandscapeLeft UIInterfaceOrientationLandscapeRight";
				INFOPLIST_KEY_UISupportedInterfaceOrientations_iPhone = "UIInterfaceOrientationPortrait UIInterfaceOrientationLandscapeLeft UIInterfaceOrientationLandscapeRight";
				LD_RUNPATH_SEARCH_PATHS = (
					"$(inherited)",
					"@executable_path/Frameworks",
				);
				MARKETING_VERSION = 1.0;
				PRODUCT_BUNDLE_IDENTIFIER = com.alexfilippov.CoreDataWithSwiftUI;
				PRODUCT_NAME = "$(TARGET_NAME)";
				SWIFT_EMIT_LOC_STRINGS = YES;
				SWIFT_VERSION = 5.0;
				TARGETED_DEVICE_FAMILY = "1,2";
			};
			name = Release;
		};
/* End XCBuildConfiguration section */

/* Begin XCConfigurationList section */
		3A5E79652844D28A0068BCF4 /* Build configuration list for PBXProject "CoreDataWithSwiftUI" */ = {
			isa = XCConfigurationList;
			buildConfigurations = (
				3A5E797B2844D28A0068BCF4 /* Debug */,
				3A5E797C2844D28A0068BCF4 /* Release */,
			);
			defaultConfigurationIsVisible = 0;
			defaultConfigurationName = Release;
		};
		3A5E797D2844D28A0068BCF4 /* Build configuration list for PBXNativeTarget "CoreDataWithSwiftUI" */ = {
			isa = XCConfigurationList;
			buildConfigurations = (
				3A5E797E2844D28A0068BCF4 /* Debug */,
				3A5E797F2844D28A0068BCF4 /* Release */,
			);
			defaultConfigurationIsVisible = 0;
			defaultConfigurationName = Release;
		};
/* End XCConfigurationList section */

/* Begin XCVersionGroup section */
		3A5E79782844D28A0068BCF4 /* CoreDataWithSwiftUI.xcdatamodeld */ = {
			isa = XCVersionGroup;
			children = (
				3A5E79792844D28A0068BCF4 /* CoreDataWithSwiftUI.xcdatamodel */,
			);
			currentVersion = 3A5E79792844D28A0068BCF4 /* CoreDataWithSwiftUI.xcdatamodel */;
			path = CoreDataWithSwiftUI.xcdatamodeld;
			sourceTree = "<group>";
			versionGroupType = wrapper.xcdatamodel;
		};
		3A5E79802844D2CF0068BCF4 /* Main.xcdatamodeld */ = {
			isa = XCVersionGroup;
			children = (
				3A5E79812844D2CF0068BCF4 /* Main.xcdatamodel */,
			);
			currentVersion = 3A5E79812844D2CF0068BCF4 /* Main.xcdatamodel */;
			path = Main.xcdatamodeld;
			sourceTree = "<group>";
			versionGroupType = wrapper.xcdatamodel;
		};
/* End XCVersionGroup section */
	};
	rootObject = 3A5E79622844D28A0068BCF4 /* Project object */;
}
